// !$*UTF8*$!
{
	archiveVersion = 1;
	classes = {
	};
	objectVersion = 46;
	objects = {

/* Begin PBXBuildFile section */
		533603E81D80EE3300EAE5A6 /* AppDelegate.swift in Sources */ = {isa = PBXBuildFile; fileRef = 533603E71D80EE3300EAE5A6 /* AppDelegate.swift */; };
		533603ED1D80EE3300EAE5A6 /* Main.storyboard in Resources */ = {isa = PBXBuildFile; fileRef = 533603EB1D80EE3300EAE5A6 /* Main.storyboard */; };
		533603F01D80EE3300EAE5A6 /* iOSTrial_Error.xcdatamodeld in Sources */ = {isa = PBXBuildFile; fileRef = 533603EE1D80EE3300EAE5A6 /* iOSTrial_Error.xcdatamodeld */; };
		533603F21D80EE3300EAE5A6 /* Assets.xcassets in Resources */ = {isa = PBXBuildFile; fileRef = 533603F11D80EE3300EAE5A6 /* Assets.xcassets */; };
		533603F51D80EE3300EAE5A6 /* LaunchScreen.storyboard in Resources */ = {isa = PBXBuildFile; fileRef = 533603F31D80EE3300EAE5A6 /* LaunchScreen.storyboard */; };
		536F4A2C1D85E857006093A0 /* LandingPageViewController.swift in Sources */ = {isa = PBXBuildFile; fileRef = 536F4A2B1D85E857006093A0 /* LandingPageViewController.swift */; };
		536F4A2E1D85FE1D006093A0 /* Luna.ttf in Resources */ = {isa = PBXBuildFile; fileRef = 536F4A2D1D85FD8D006093A0 /* Luna.ttf */; };
		536F4A301D8602D6006093A0 /* ColorConstants.swift in Sources */ = {isa = PBXBuildFile; fileRef = 536F4A2F1D8602D6006093A0 /* ColorConstants.swift */; };
		5395FAFB1D811EAE00179E40 /* Fabric.framework in Frameworks */ = {isa = PBXBuildFile; fileRef = 5395FAF91D811EAE00179E40 /* Fabric.framework */; };
		5395FAFC1D811EAE00179E40 /* Crashlytics.framework in Frameworks */ = {isa = PBXBuildFile; fileRef = 5395FAFA1D811EAE00179E40 /* Crashlytics.framework */; };
		53AF09EC1D87796500FF07D6 /* LookAroundViewController.swift in Sources */ = {isa = PBXBuildFile; fileRef = 53AF09EB1D87796500FF07D6 /* LookAroundViewController.swift */; };
		53AF09F01D87A59F00FF07D6 /* Images.swift in Sources */ = {isa = PBXBuildFile; fileRef = 53AF09EF1D87A59F00FF07D6 /* Images.swift */; };
		53EE24B41D812821000BDDFB /* DigitsKit.framework in Frameworks */ = {isa = PBXBuildFile; fileRef = 53EE24B21D812821000BDDFB /* DigitsKit.framework */; };
		53EE24B51D812821000BDDFB /* DigitsKitResources.bundle in Resources */ = {isa = PBXBuildFile; fileRef = 53EE24B31D812821000BDDFB /* DigitsKitResources.bundle */; };
		53FD70201D85CC0E00559FF3 /* TwitterCore.framework in Frameworks */ = {isa = PBXBuildFile; fileRef = 53FD701F1D85CC0E00559FF3 /* TwitterCore.framework */; };
		D529380360E20A7DCE01BE3A /* Pods_iOSTrial_Error.framework in Frameworks */ = {isa = PBXBuildFile; fileRef = 52EE189B19CB3F257CAF79EA /* Pods_iOSTrial_Error.framework */; };
/* End PBXBuildFile section */

/* Begin PBXFileReference section */
		2EF9F97F6C4305FEC93232F2 /* Pods-iOSTrial&Error.release.xcconfig */ = {isa = PBXFileReference; includeInIndex = 1; lastKnownFileType = text.xcconfig; name = "Pods-iOSTrial&Error.release.xcconfig"; path = "Pods/Target Support Files/Pods-iOSTrial&Error/Pods-iOSTrial&Error.release.xcconfig"; sourceTree = "<group>"; };
		52EE189B19CB3F257CAF79EA /* Pods_iOSTrial_Error.framework */ = {isa = PBXFileReference; explicitFileType = wrapper.framework; includeInIndex = 0; path = Pods_iOSTrial_Error.framework; sourceTree = BUILT_PRODUCTS_DIR; };
		533603E41D80EE3300EAE5A6 /* iOSTrial&Error.app */ = {isa = PBXFileReference; explicitFileType = wrapper.application; includeInIndex = 0; path = "iOSTrial&Error.app"; sourceTree = BUILT_PRODUCTS_DIR; };
		533603E71D80EE3300EAE5A6 /* AppDelegate.swift */ = {isa = PBXFileReference; lastKnownFileType = sourcecode.swift; path = AppDelegate.swift; sourceTree = "<group>"; };
		533603EC1D80EE3300EAE5A6 /* Base */ = {isa = PBXFileReference; lastKnownFileType = file.storyboard; name = Base; path = Base.lproj/Main.storyboard; sourceTree = "<group>"; };
		533603EF1D80EE3300EAE5A6 /* iOSTrial_Error.xcdatamodel */ = {isa = PBXFileReference; lastKnownFileType = wrapper.xcdatamodel; path = iOSTrial_Error.xcdatamodel; sourceTree = "<group>"; };
		533603F11D80EE3300EAE5A6 /* Assets.xcassets */ = {isa = PBXFileReference; lastKnownFileType = folder.assetcatalog; path = Assets.xcassets; sourceTree = "<group>"; };
		533603F41D80EE3300EAE5A6 /* Base */ = {isa = PBXFileReference; lastKnownFileType = file.storyboard; name = Base; path = Base.lproj/LaunchScreen.storyboard; sourceTree = "<group>"; };
		533603F61D80EE3300EAE5A6 /* Info.plist */ = {isa = PBXFileReference; lastKnownFileType = text.plist.xml; path = Info.plist; sourceTree = "<group>"; };
		536F4A2B1D85E857006093A0 /* LandingPageViewController.swift */ = {isa = PBXFileReference; fileEncoding = 4; lastKnownFileType = sourcecode.swift; path = LandingPageViewController.swift; sourceTree = "<group>"; };
		536F4A2D1D85FD8D006093A0 /* Luna.ttf */ = {isa = PBXFileReference; lastKnownFileType = file; path = Luna.ttf; sourceTree = "<group>"; };
		536F4A2F1D8602D6006093A0 /* ColorConstants.swift */ = {isa = PBXFileReference; fileEncoding = 4; lastKnownFileType = sourcecode.swift; path = ColorConstants.swift; sourceTree = "<group>"; };
		5395FAF91D811EAE00179E40 /* Fabric.framework */ = {isa = PBXFileReference; lastKnownFileType = wrapper.framework; path = Fabric.framework; sourceTree = "<group>"; };
		5395FAFA1D811EAE00179E40 /* Crashlytics.framework */ = {isa = PBXFileReference; lastKnownFileType = wrapper.framework; path = Crashlytics.framework; sourceTree = "<group>"; };
		53AF09EB1D87796500FF07D6 /* LookAroundViewController.swift */ = {isa = PBXFileReference; fileEncoding = 4; lastKnownFileType = sourcecode.swift; path = LookAroundViewController.swift; sourceTree = "<group>"; };
		53AF09EF1D87A59F00FF07D6 /* Images.swift */ = {isa = PBXFileReference; fileEncoding = 4; lastKnownFileType = sourcecode.swift; path = Images.swift; sourceTree = "<group>"; };
		53D3599B1D8126E00094C935 /* TwitterCore.framework */ = {isa = PBXFileReference; lastKnownFileType = wrapper.framework; path = TwitterCore.framework; sourceTree = "<group>"; };
		53EE24B21D812821000BDDFB /* DigitsKit.framework */ = {isa = PBXFileReference; lastKnownFileType = wrapper.framework; path = DigitsKit.framework; sourceTree = "<group>"; };
		53EE24B31D812821000BDDFB /* DigitsKitResources.bundle */ = {isa = PBXFileReference; lastKnownFileType = "wrapper.plug-in"; name = DigitsKitResources.bundle; path = DigitsKit.framework/Versions/A/Resources/DigitsKitResources.bundle; sourceTree = "<group>"; };
		53FD701F1D85CC0E00559FF3 /* TwitterCore.framework */ = {isa = PBXFileReference; lastKnownFileType = wrapper.framework; path = TwitterCore.framework; sourceTree = "<group>"; };
		81A4C0A0706E111EEB235116 /* Pods-iOSTrial&Error.debug.xcconfig */ = {isa = PBXFileReference; includeInIndex = 1; lastKnownFileType = text.xcconfig; name = "Pods-iOSTrial&Error.debug.xcconfig"; path = "Pods/Target Support Files/Pods-iOSTrial&Error/Pods-iOSTrial&Error.debug.xcconfig"; sourceTree = "<group>"; };
/* End PBXFileReference section */

/* Begin PBXFrameworksBuildPhase section */
		533603E11D80EE3300EAE5A6 /* Frameworks */ = {
			isa = PBXFrameworksBuildPhase;
			buildActionMask = 2147483647;
			files = (
				5395FAFC1D811EAE00179E40 /* Crashlytics.framework in Frameworks */,
				53FD70201D85CC0E00559FF3 /* TwitterCore.framework in Frameworks */,
				5395FAFB1D811EAE00179E40 /* Fabric.framework in Frameworks */,
				53EE24B41D812821000BDDFB /* DigitsKit.framework in Frameworks */,
				D529380360E20A7DCE01BE3A /* Pods_iOSTrial_Error.framework in Frameworks */,
			);
			runOnlyForDeploymentPostprocessing = 0;
		};
/* End PBXFrameworksBuildPhase section */

/* Begin PBXGroup section */
		533603DB1D80EE3300EAE5A6 = {
			isa = PBXGroup;
			children = (
				53FD701F1D85CC0E00559FF3 /* TwitterCore.framework */,
				53D3599B1D8126E00094C935 /* TwitterCore.framework */,
				5395FAF91D811EAE00179E40 /* Fabric.framework */,
				5395FAFA1D811EAE00179E40 /* Crashlytics.framework */,
				533603E61D80EE3300EAE5A6 /* iOSTrial&Error */,
				533603E51D80EE3300EAE5A6 /* Products */,
				53EE24B21D812821000BDDFB /* DigitsKit.framework */,
				53EE24B31D812821000BDDFB /* DigitsKitResources.bundle */,
				EA0437C576C84AA224C6C986 /* Pods */,
				B656D72923F91CE33A9C923F /* Frameworks */,
			);
			sourceTree = "<group>";
		};
		533603E51D80EE3300EAE5A6 /* Products */ = {
			isa = PBXGroup;
			children = (
				533603E41D80EE3300EAE5A6 /* iOSTrial&Error.app */,
			);
			name = Products;
			sourceTree = "<group>";
		};
		533603E61D80EE3300EAE5A6 /* iOSTrial&Error */ = {
			isa = PBXGroup;
			children = (
				536E9D2C1D87A8370060D66F /* Assets */,
				53FD70231D85CCC100559FF3 /* Constants */,
				53FD70221D85CCAE00559FF3 /* Controllers */,
				53FD70211D85CCA500559FF3 /* Models */,
				533603E71D80EE3300EAE5A6 /* AppDelegate.swift */,
				533603EB1D80EE3300EAE5A6 /* Main.storyboard */,
				533603F31D80EE3300EAE5A6 /* LaunchScreen.storyboard */,
				533603F61D80EE3300EAE5A6 /* Info.plist */,
				533603EE1D80EE3300EAE5A6 /* iOSTrial_Error.xcdatamodeld */,
			);
			path = "iOSTrial&Error";
			sourceTree = "<group>";
		};
		536E9D2C1D87A8370060D66F /* Assets */ = {
			isa = PBXGroup;
			children = (
				536F4A2D1D85FD8D006093A0 /* Luna.ttf */,
				533603F11D80EE3300EAE5A6 /* Assets.xcassets */,
			);
			name = Assets;
			sourceTree = "<group>";
		};
		53FD70211D85CCA500559FF3 /* Models */ = {
			isa = PBXGroup;
			children = (
			);
			name = Models;
			sourceTree = "<group>";
		};
		53FD70221D85CCAE00559FF3 /* Controllers */ = {
			isa = PBXGroup;
			children = (
				536F4A2B1D85E857006093A0 /* LandingPageViewController.swift */,
				53AF09EB1D87796500FF07D6 /* LookAroundViewController.swift */,
			);
			name = Controllers;
			sourceTree = "<group>";
		};
		53FD70231D85CCC100559FF3 /* Constants */ = {
			isa = PBXGroup;
			children = (
				536F4A2F1D8602D6006093A0 /* ColorConstants.swift */,
				53AF09EF1D87A59F00FF07D6 /* Images.swift */,
			);
			name = Constants;
			sourceTree = "<group>";
		};
		B656D72923F91CE33A9C923F /* Frameworks */ = {
			isa = PBXGroup;
			children = (
				52EE189B19CB3F257CAF79EA /* Pods_iOSTrial_Error.framework */,
			);
			name = Frameworks;
			sourceTree = "<group>";
		};
		EA0437C576C84AA224C6C986 /* Pods */ = {
			isa = PBXGroup;
			children = (
				81A4C0A0706E111EEB235116 /* Pods-iOSTrial&Error.debug.xcconfig */,
				2EF9F97F6C4305FEC93232F2 /* Pods-iOSTrial&Error.release.xcconfig */,
			);
			name = Pods;
			sourceTree = "<group>";
		};
/* End PBXGroup section */

/* Begin PBXNativeTarget section */
		533603E31D80EE3300EAE5A6 /* iOSTrial&Error */ = {
			isa = PBXNativeTarget;
			buildConfigurationList = 533603F91D80EE3300EAE5A6 /* Build configuration list for PBXNativeTarget "iOSTrial&Error" */;
			buildPhases = (
				512CFDC8C6D6EB0AFB8BBEC4 /* [CP] Check Pods Manifest.lock */,
				533603E01D80EE3300EAE5A6 /* Sources */,
				533603E11D80EE3300EAE5A6 /* Frameworks */,
				533603E21D80EE3300EAE5A6 /* Resources */,
				5395FAF71D811E6B00179E40 /* ShellScript */,
				E716878D1ED8D59511991E27 /* [CP] Embed Pods Frameworks */,
				886E385B8CD12F07944D14B7 /* [CP] Copy Pods Resources */,
				53AF09EE1D87A53B00FF07D6 /* ShellScript */,
			);
			buildRules = (
			);
			dependencies = (
			);
			name = "iOSTrial&Error";
			productName = "iOSTrial&Error";
			productReference = 533603E41D80EE3300EAE5A6 /* iOSTrial&Error.app */;
			productType = "com.apple.product-type.application";
		};
/* End PBXNativeTarget section */

/* Begin PBXProject section */
		533603DC1D80EE3300EAE5A6 /* Project object */ = {
			isa = PBXProject;
			attributes = {
				LastSwiftUpdateCheck = 0730;
				LastUpgradeCheck = 0730;
				ORGANIZATIONNAME = "Trial&Error";
				TargetAttributes = {
					533603E31D80EE3300EAE5A6 = {
						CreatedOnToolsVersion = 7.3.1;
					};
				};
			};
			buildConfigurationList = 533603DF1D80EE3300EAE5A6 /* Build configuration list for PBXProject "iOSTrial&Error" */;
			compatibilityVersion = "Xcode 3.2";
			developmentRegion = English;
			hasScannedForEncodings = 0;
			knownRegions = (
				en,
				Base,
			);
			mainGroup = 533603DB1D80EE3300EAE5A6;
			productRefGroup = 533603E51D80EE3300EAE5A6 /* Products */;
			projectDirPath = "";
			projectRoot = "";
			targets = (
				533603E31D80EE3300EAE5A6 /* iOSTrial&Error */,
			);
		};
/* End PBXProject section */

/* Begin PBXResourcesBuildPhase section */
		533603E21D80EE3300EAE5A6 /* Resources */ = {
			isa = PBXResourcesBuildPhase;
			buildActionMask = 2147483647;
			files = (
				53EE24B51D812821000BDDFB /* DigitsKitResources.bundle in Resources */,
				536F4A2E1D85FE1D006093A0 /* Luna.ttf in Resources */,
				533603F51D80EE3300EAE5A6 /* LaunchScreen.storyboard in Resources */,
				533603F21D80EE3300EAE5A6 /* Assets.xcassets in Resources */,
				533603ED1D80EE3300EAE5A6 /* Main.storyboard in Resources */,
			);
			runOnlyForDeploymentPostprocessing = 0;
		};
/* End PBXResourcesBuildPhase section */

/* Begin PBXShellScriptBuildPhase section */
		512CFDC8C6D6EB0AFB8BBEC4 /* [CP] Check Pods Manifest.lock */ = {
			isa = PBXShellScriptBuildPhase;
			buildActionMask = 2147483647;
			files = (
			);
			inputPaths = (
			);
			name = "[CP] Check Pods Manifest.lock";
			outputPaths = (
			);
			runOnlyForDeploymentPostprocessing = 0;
			shellPath = /bin/sh;
			shellScript = "diff \"${PODS_ROOT}/../Podfile.lock\" \"${PODS_ROOT}/Manifest.lock\" > /dev/null\nif [[ $? != 0 ]] ; then\n    cat << EOM\nerror: The sandbox is not in sync with the Podfile.lock. Run 'pod install' or update your CocoaPods installation.\nEOM\n    exit 1\nfi\n";
			showEnvVarsInLog = 0;
		};
		5395FAF71D811E6B00179E40 /* ShellScript */ = {
			isa = PBXShellScriptBuildPhase;
			buildActionMask = 2147483647;
			files = (
			);
			inputPaths = (
			);
			outputPaths = (
			);
			runOnlyForDeploymentPostprocessing = 0;
			shellPath = /bin/sh;
			shellScript = "./Fabric.framework/run fe391bd4eebd9be02aaebc8ac9e7f8938d2e9235 50e968bf2560b0ba51fbdb670fafb4084fddfe0bebd5232f5227abc699e628ac";
		};
		53AF09EE1D87A53B00FF07D6 /* ShellScript */ = {
			isa = PBXShellScriptBuildPhase;
			buildActionMask = 2147483647;
			files = (
			);
			inputPaths = (
			);
			outputPaths = (
			);
			runOnlyForDeploymentPostprocessing = 0;
			shellPath = /bin/sh;
			shellScript = "";
		};
		886E385B8CD12F07944D14B7 /* [CP] Copy Pods Resources */ = {
			isa = PBXShellScriptBuildPhase;
			buildActionMask = 2147483647;
			files = (
			);
			inputPaths = (
			);
			name = "[CP] Copy Pods Resources";
			outputPaths = (
			);
			runOnlyForDeploymentPostprocessing = 0;
			shellPath = /bin/sh;
			shellScript = "\"${SRCROOT}/Pods/Target Support Files/Pods-iOSTrial&Error/Pods-iOSTrial&Error-resources.sh\"\n";
			showEnvVarsInLog = 0;
		};
		E716878D1ED8D59511991E27 /* [CP] Embed Pods Frameworks */ = {
			isa = PBXShellScriptBuildPhase;
			buildActionMask = 2147483647;
			files = (
			);
			inputPaths = (
			);
			name = "[CP] Embed Pods Frameworks";
			outputPaths = (
			);
			runOnlyForDeploymentPostprocessing = 0;
			shellPath = /bin/sh;
			shellScript = "\"${SRCROOT}/Pods/Target Support Files/Pods-iOSTrial&Error/Pods-iOSTrial&Error-frameworks.sh\"\n";
			showEnvVarsInLog = 0;
		};
/* End PBXShellScriptBuildPhase section */

/* Begin PBXSourcesBuildPhase section */
		533603E01D80EE3300EAE5A6 /* Sources */ = {
			isa = PBXSourcesBuildPhase;
			buildActionMask = 2147483647;
			files = (
				533603F01D80EE3300EAE5A6 /* iOSTrial_Error.xcdatamodeld in Sources */,
				53AF09F01D87A59F00FF07D6 /* Images.swift in Sources */,
				53AF09EC1D87796500FF07D6 /* LookAroundViewController.swift in Sources */,
				536F4A2C1D85E857006093A0 /* LandingPageViewController.swift in Sources */,
				533603E81D80EE3300EAE5A6 /* AppDelegate.swift in Sources */,
				536F4A301D8602D6006093A0 /* ColorConstants.swift in Sources */,
			);
			runOnlyForDeploymentPostprocessing = 0;
		};
/* End PBXSourcesBuildPhase section */

/* Begin PBXVariantGroup section */
		533603EB1D80EE3300EAE5A6 /* Main.storyboard */ = {
			isa = PBXVariantGroup;
			children = (
				533603EC1D80EE3300EAE5A6 /* Base */,
			);
			name = Main.storyboard;
			sourceTree = "<group>";
		};
		533603F31D80EE3300EAE5A6 /* LaunchScreen.storyboard */ = {
			isa = PBXVariantGroup;
			children = (
				533603F41D80EE3300EAE5A6 /* Base */,
			);
			name = LaunchScreen.storyboard;
			sourceTree = "<group>";
		};
/* End PBXVariantGroup section */

/* Begin XCBuildConfiguration section */
		533603F71D80EE3300EAE5A6 /* Debug */ = {
			isa = XCBuildConfiguration;
			buildSettings = {
				ALWAYS_SEARCH_USER_PATHS = NO;
				CLANG_ANALYZER_NONNULL = YES;
				CLANG_CXX_LANGUAGE_STANDARD = "gnu++0x";
				CLANG_CXX_LIBRARY = "libc++";
				CLANG_ENABLE_MODULES = YES;
				CLANG_ENABLE_OBJC_ARC = YES;
				CLANG_WARN_BOOL_CONVERSION = YES;
				CLANG_WARN_CONSTANT_CONVERSION = YES;
				CLANG_WARN_DIRECT_OBJC_ISA_USAGE = YES_ERROR;
				CLANG_WARN_EMPTY_BODY = YES;
				CLANG_WARN_ENUM_CONVERSION = YES;
				CLANG_WARN_INT_CONVERSION = YES;
				CLANG_WARN_OBJC_ROOT_CLASS = YES_ERROR;
				CLANG_WARN_UNREACHABLE_CODE = YES;
				CLANG_WARN__DUPLICATE_METHOD_MATCH = YES;
				"CODE_SIGN_IDENTITY[sdk=iphoneos*]" = "iPhone Developer";
				COPY_PHASE_STRIP = NO;
				DEBUG_INFORMATION_FORMAT = dwarf;
				ENABLE_STRICT_OBJC_MSGSEND = YES;
				ENABLE_TESTABILITY = YES;
				GCC_C_LANGUAGE_STANDARD = gnu99;
				GCC_DYNAMIC_NO_PIC = NO;
				GCC_NO_COMMON_BLOCKS = YES;
				GCC_OPTIMIZATION_LEVEL = 0;
				GCC_PREPROCESSOR_DEFINITIONS = (
					"DEBUG=1",
					"$(inherited)",
				);
				GCC_WARN_64_TO_32_BIT_CONVERSION = YES;
				GCC_WARN_ABOUT_RETURN_TYPE = YES_ERROR;
				GCC_WARN_UNDECLARED_SELECTOR = YES;
				GCC_WARN_UNINITIALIZED_AUTOS = YES_AGGRESSIVE;
				GCC_WARN_UNUSED_FUNCTION = YES;
				GCC_WARN_UNUSED_VARIABLE = YES;
				IPHONEOS_DEPLOYMENT_TARGET = 9.3;
				MTL_ENABLE_DEBUG_INFO = YES;
				ONLY_ACTIVE_ARCH = YES;
				SDKROOT = iphoneos;
				SWIFT_OPTIMIZATION_LEVEL = "-Onone";
				TARGETED_DEVICE_FAMILY = "1,2";
			};
			name = Debug;
		};
		533603F81D80EE3300EAE5A6 /* Release */ = {
			isa = XCBuildConfiguration;
			buildSettings = {
				ALWAYS_SEARCH_USER_PATHS = NO;
				CLANG_ANALYZER_NONNULL = YES;
				CLANG_CXX_LANGUAGE_STANDARD = "gnu++0x";
				CLANG_CXX_LIBRARY = "libc++";
				CLANG_ENABLE_MODULES = YES;
				CLANG_ENABLE_OBJC_ARC = YES;
				CLANG_WARN_BOOL_CONVERSION = YES;
				CLANG_WARN_CONSTANT_CONVERSION = YES;
				CLANG_WARN_DIRECT_OBJC_ISA_USAGE = YES_ERROR;
				CLANG_WARN_EMPTY_BODY = YES;
				CLANG_WARN_ENUM_CONVERSION = YES;
				CLANG_WARN_INT_CONVERSION = YES;
				CLANG_WARN_OBJC_ROOT_CLASS = YES_ERROR;
				CLANG_WARN_UNREACHABLE_CODE = YES;
				CLANG_WARN__DUPLICATE_METHOD_MATCH = YES;
				"CODE_SIGN_IDENTITY[sdk=iphoneos*]" = "iPhone Developer";
				COPY_PHASE_STRIP = NO;
				DEBUG_INFORMATION_FORMAT = "dwarf-with-dsym";
				ENABLE_NS_ASSERTIONS = NO;
				ENABLE_STRICT_OBJC_MSGSEND = YES;
				GCC_C_LANGUAGE_STANDARD = gnu99;
				GCC_NO_COMMON_BLOCKS = YES;
				GCC_WARN_64_TO_32_BIT_CONVERSION = YES;
				GCC_WARN_ABOUT_RETURN_TYPE = YES_ERROR;
				GCC_WARN_UNDECLARED_SELECTOR = YES;
				GCC_WARN_UNINITIALIZED_AUTOS = YES_AGGRESSIVE;
				GCC_WARN_UNUSED_FUNCTION = YES;
				GCC_WARN_UNUSED_VARIABLE = YES;
				IPHONEOS_DEPLOYMENT_TARGET = 9.3;
				MTL_ENABLE_DEBUG_INFO = NO;
				SDKROOT = iphoneos;
				TARGETED_DEVICE_FAMILY = "1,2";
				VALIDATE_PRODUCT = YES;
			};
			name = Release;
		};
		533603FA1D80EE3300EAE5A6 /* Debug */ = {
			isa = XCBuildConfiguration;
			baseConfigurationReference = 81A4C0A0706E111EEB235116 /* Pods-iOSTrial&Error.debug.xcconfig */;
			buildSettings = {
				ASSETCATALOG_COMPILER_APPICON_NAME = AppIcon;
				DEBUG_INFORMATION_FORMAT = "dwarf-with-dsym";
				FRAMEWORK_SEARCH_PATHS = (
					"$(inherited)",
					"$(PROJECT_DIR)",
				);
				INFOPLIST_FILE = "iOSTrial&Error/Info.plist";
				LD_RUNPATH_SEARCH_PATHS = "$(inherited) @executable_path/Frameworks";
				PRODUCT_BUNDLE_IDENTIFIER = "TeamTrial-Error.iOSTrial-Error";
				PRODUCT_NAME = "$(TARGET_NAME)";
			};
			name = Debug;
		};
		533603FB1D80EE3300EAE5A6 /* Release */ = {
			isa = XCBuildConfiguration;
			baseConfigurationReference = 2EF9F97F6C4305FEC93232F2 /* Pods-iOSTrial&Error.release.xcconfig */;
			buildSettings = {
				ASSETCATALOG_COMPILER_APPICON_NAME = AppIcon;
				FRAMEWORK_SEARCH_PATHS = (
					"$(inherited)",
					"$(PROJECT_DIR)",
				);
				INFOPLIST_FILE = "iOSTrial&Error/Info.plist";
				LD_RUNPATH_SEARCH_PATHS = "$(inherited) @executable_path/Frameworks";
				PRODUCT_BUNDLE_IDENTIFIER = "TeamTrial-Error.iOSTrial-Error";
				PRODUCT_NAME = "$(TARGET_NAME)";
			};
			name = Release;
		};
/* End XCBuildConfiguration section */

/* Begin XCConfigurationList section */
		533603DF1D80EE3300EAE5A6 /* Build configuration list for PBXProject "iOSTrial&Error" */ = {
			isa = XCConfigurationList;
			buildConfigurations = (
				533603F71D80EE3300EAE5A6 /* Debug */,
				533603F81D80EE3300EAE5A6 /* Release */,
			);
			defaultConfigurationIsVisible = 0;
			defaultConfigurationName = Release;
		};
		533603F91D80EE3300EAE5A6 /* Build configuration list for PBXNativeTarget "iOSTrial&Error" */ = {
			isa = XCConfigurationList;
			buildConfigurations = (
				533603FA1D80EE3300EAE5A6 /* Debug */,
				533603FB1D80EE3300EAE5A6 /* Release */,
			);
			defaultConfigurationIsVisible = 0;
			defaultConfigurationName = Release;
		};
/* End XCConfigurationList section */

/* Begin XCVersionGroup section */
		533603EE1D80EE3300EAE5A6 /* iOSTrial_Error.xcdatamodeld */ = {
			isa = XCVersionGroup;
			children = (
				533603EF1D80EE3300EAE5A6 /* iOSTrial_Error.xcdatamodel */,
			);
			currentVersion = 533603EF1D80EE3300EAE5A6 /* iOSTrial_Error.xcdatamodel */;
			path = iOSTrial_Error.xcdatamodeld;
			sourceTree = "<group>";
			versionGroupType = wrapper.xcdatamodel;
		};
/* End XCVersionGroup section */
	};
	rootObject = 533603DC1D80EE3300EAE5A6 /* Project object */;
}
